
Microsoft Visual Studio Solution File, Format Version 12.00
# Visual Studio Version 16
VisualStudioVersion = 16.0.30804.86
MinimumVisualStudioVersion = 10.0.40219.1
Project("{FAE04EC0-301F-11D3-BF4B-00C04F79EFBC}") = "Partie_1", "Partie_1\Partie_1.csproj", "{B8C2C8BA-20AF-4EBB-872C-B18B853274B2}"
EndProject
Project("{FAE04EC0-301F-11D3-BF4B-00C04F79EFBC}") = "Partie_2", "Partie_2\Partie_2.csproj", "{C74E6946-1015-4843-85E0-677EA969C8B4}"
EndProject
Global
	GlobalSection(SolutionConfigurationPlatforms) = preSolution
		Debug|Any CPU = Debug|Any CPU
		Release|Any CPU = Release|Any CPU
	EndGlobalSection
	GlobalSection(ProjectConfigurationPlatforms) = postSolution
		{B8C2C8BA-20AF-4EBB-872C-B18B853274B2}.Debug|Any CPU.ActiveCfg = Debug|Any CPU
		{B8C2C8BA-20AF-4EBB-872C-B18B853274B2}.Debug|Any CPU.Build.0 = Debug|Any CPU
		{B8C2C8BA-20AF-4EBB-872C-B18B853274B2}.Release|Any CPU.ActiveCfg = Release|Any CPU
		{B8C2C8BA-20AF-4EBB-872C-B18B853274B2}.Release|Any CPU.Build.0 = Release|Any CPU
		{C74E6946-1015-4843-85E0-677EA969C8B4}.Debug|Any CPU.ActiveCfg = Debug|Any CPU
		{C74E6946-1015-4843-85E0-677EA969C8B4}.Debug|Any CPU.Build.0 = Debug|Any CPU
		{C74E6946-1015-4843-85E0-677EA969C8B4}.Release|Any CPU.ActiveCfg = Release|Any CPU
		{C74E6946-1015-4843-85E0-677EA969C8B4}.Release|Any CPU.Build.0 = Release|Any CPU
	EndGlobalSection
	GlobalSection(SolutionProperties) = preSolution
		HideSolutionNode = FALSE
	EndGlobalSection
	GlobalSection(ExtensibilityGlobals) = postSolution
		SolutionGuid = {6083A010-D102-4A82-A8A3-C9DE40D86656}
	EndGlobalSection
EndGlobal
